
Microsoft Visual Studio Solution File, Format Version 12.00
# Visual Studio 15
VisualStudioVersion = 15.0.28307.438
MinimumVisualStudioVersion = 10.0.40219.1
Project("{FAE04EC0-301F-11D3-BF4B-00C04F79EFBC}") = "ODAMobile.Android", "ODAMobile\ODAMobile.Android\ODAMobile.Android.csproj", "{9AFB36D2-8FDA-4DBE-A2D0-C34EEB43678C}"
EndProject
Project("{FAE04EC0-301F-11D3-BF4B-00C04F79EFBC}") = "ODAMobile.iOS", "ODAMobile\ODAMobile.iOS\ODAMobile.iOS.csproj", "{96E0DC03-AE91-4BDB-9595-69F933BF465A}"
EndProject
Project("{FAE04EC0-301F-11D3-BF4B-00C04F79EFBC}") = "ODAMobile", "ODAMobile\ODAMobile\ODAMobile.csproj", "{A4A4B07A-B27F-4416-A772-50149605EB4D}"
EndProject
Global
	GlobalSection(SolutionConfigurationPlatforms) = preSolution
		Ad-Hoc|Any CPU = Ad-Hoc|Any CPU
		Ad-Hoc|iPhone = Ad-Hoc|iPhone
		Ad-Hoc|iPhoneSimulator = Ad-Hoc|iPhoneSimulator
		AppStore|Any CPU = AppStore|Any CPU
		AppStore|iPhone = AppStore|iPhone
		AppStore|iPhoneSimulator = AppStore|iPhoneSimulator
		Debug|Any CPU = Debug|Any CPU
		Debug|iPhone = Debug|iPhone
		Debug|iPhoneSimulator = Debug|iPhoneSimulator
		Release|Any CPU = Release|Any CPU
		Release|iPhone = Release|iPhone
		Release|iPhoneSimulator = Release|iPhoneSimulator
	EndGlobalSection
	GlobalSection(ProjectConfigurationPlatforms) = postSolution
		{9AFB36D2-8FDA-4DBE-A2D0-C34EEB43678C}.Ad-Hoc|Any CPU.ActiveCfg = Release|Any CPU
		{9AFB36D2-8FDA-4DBE-A2D0-C34EEB43678C}.Ad-Hoc|Any CPU.Build.0 = Release|Any CPU
		{9AFB36D2-8FDA-4DBE-A2D0-C34EEB43678C}.Ad-Hoc|Any CPU.Deploy.0 = Release|Any CPU
		{9AFB36D2-8FDA-4DBE-A2D0-C34EEB43678C}.Ad-Hoc|iPhone.ActiveCfg = Release|Any CPU
		{9AFB36D2-8FDA-4DBE-A2D0-C34EEB43678C}.Ad-Hoc|iPhone.Build.0 = Release|Any CPU
		{9AFB36D2-8FDA-4DBE-A2D0-C34EEB43678C}.Ad-Hoc|iPhone.Deploy.0 = Release|Any CPU
		{9AFB36D2-8FDA-4DBE-A2D0-C34EEB43678C}.Ad-Hoc|iPhoneSimulator.ActiveCfg = Release|Any CPU
		{9AFB36D2-8FDA-4DBE-A2D0-C34EEB43678C}.Ad-Hoc|iPhoneSimulator.Build.0 = Release|Any CPU
		{9AFB36D2-8FDA-4DBE-A2D0-C34EEB43678C}.Ad-Hoc|iPhoneSimulator.Deploy.0 = Release|Any CPU
		{9AFB36D2-8FDA-4DBE-A2D0-C34EEB43678C}.AppStore|Any CPU.ActiveCfg = Release|Any CPU
		{9AFB36D2-8FDA-4DBE-A2D0-C34EEB43678C}.AppStore|Any CPU.Build.0 = Release|Any CPU
		{9AFB36D2-8FDA-4DBE-A2D0-C34EEB43678C}.AppStore|Any CPU.Deploy.0 = Release|Any CPU
		{9AFB36D2-8FDA-4DBE-A2D0-C34EEB43678C}.AppStore|iPhone.ActiveCfg = Release|Any CPU
		{9AFB36D2-8FDA-4DBE-A2D0-C34EEB43678C}.AppStore|iPhone.Build.0 = Release|Any CPU
		{9AFB36D2-8FDA-4DBE-A2D0-C34EEB43678C}.AppStore|iPhone.Deploy.0 = Release|Any CPU
		{9AFB36D2-8FDA-4DBE-A2D0-C34EEB43678C}.AppStore|iPhoneSimulator.ActiveCfg = Release|Any CPU
		{9AFB36D2-8FDA-4DBE-A2D0-C34EEB43678C}.AppStore|iPhoneSimulator.Build.0 = Release|Any CPU
		{9AFB36D2-8FDA-4DBE-A2D0-C34EEB43678C}.AppStore|iPhoneSimulator.Deploy.0 = Release|Any CPU
		{9AFB36D2-8FDA-4DBE-A2D0-C34EEB43678C}.Debug|Any CPU.ActiveCfg = Debug|Any CPU
		{9AFB36D2-8FDA-4DBE-A2D0-C34EEB43678C}.Debug|Any CPU.Build.0 = Debug|Any CPU
		{9AFB36D2-8FDA-4DBE-A2D0-C34EEB43678C}.Debug|Any CPU.Deploy.0 = Debug|Any CPU
		{9AFB36D2-8FDA-4DBE-A2D0-C34EEB43678C}.Debug|iPhone.ActiveCfg = Debug|Any CPU
		{9AFB36D2-8FDA-4DBE-A2D0-C34EEB43678C}.Debug|iPhone.Build.0 = Debug|Any CPU
		{9AFB36D2-8FDA-4DBE-A2D0-C34EEB43678C}.Debug|iPhone.Deploy.0 = Debug|Any CPU
		{9AFB36D2-8FDA-4DBE-A2D0-C34EEB43678C}.Debug|iPhoneSimulator.ActiveCfg = Debug|Any CPU
		{9AFB36D2-8FDA-4DBE-A2D0-C34EEB43678C}.Debug|iPhoneSimulator.Build.0 = Debug|Any CPU
		{9AFB36D2-8FDA-4DBE-A2D0-C34EEB43678C}.Debug|iPhoneSimulator.Deploy.0 = Debug|Any CPU
		{9AFB36D2-8FDA-4DBE-A2D0-C34EEB43678C}.Release|Any CPU.ActiveCfg = Release|Any CPU
		{9AFB36D2-8FDA-4DBE-A2D0-C34EEB43678C}.Release|Any CPU.Build.0 = Release|Any CPU
		{9AFB36D2-8FDA-4DBE-A2D0-C34EEB43678C}.Release|Any CPU.Deploy.0 = Release|Any CPU
		{9AFB36D2-8FDA-4DBE-A2D0-C34EEB43678C}.Release|iPhone.ActiveCfg = Release|Any CPU
		{9AFB36D2-8FDA-4DBE-A2D0-C34EEB43678C}.Release|iPhone.Build.0 = Release|Any CPU
		{9AFB36D2-8FDA-4DBE-A2D0-C34EEB43678C}.Release|iPhone.Deploy.0 = Release|Any CPU
		{9AFB36D2-8FDA-4DBE-A2D0-C34EEB43678C}.Release|iPhoneSimulator.ActiveCfg = Release|Any CPU
		{9AFB36D2-8FDA-4DBE-A2D0-C34EEB43678C}.Release|iPhoneSimulator.Build.0 = Release|Any CPU
		{9AFB36D2-8FDA-4DBE-A2D0-C34EEB43678C}.Release|iPhoneSimulator.Deploy.0 = Release|Any CPU
		{96E0DC03-AE91-4BDB-9595-69F933BF465A}.Ad-Hoc|Any CPU.ActiveCfg = Ad-Hoc|iPhone
		{96E0DC03-AE91-4BDB-9595-69F933BF465A}.Ad-Hoc|Any CPU.Build.0 = Ad-Hoc|iPhone
		{96E0DC03-AE91-4BDB-9595-69F933BF465A}.Ad-Hoc|Any CPU.Deploy.0 = Ad-Hoc|iPhone
		{96E0DC03-AE91-4BDB-9595-69F933BF465A}.Ad-Hoc|iPhone.ActiveCfg = Ad-Hoc|iPhone
		{96E0DC03-AE91-4BDB-9595-69F933BF465A}.Ad-Hoc|iPhone.Build.0 = Ad-Hoc|iPhone
		{96E0DC03-AE91-4BDB-9595-69F933BF465A}.Ad-Hoc|iPhone.Deploy.0 = Ad-Hoc|iPhone
		{96E0DC03-AE91-4BDB-9595-69F933BF465A}.Ad-Hoc|iPhoneSimulator.ActiveCfg = Ad-Hoc|iPhoneSimulator
		{96E0DC03-AE91-4BDB-9595-69F933BF465A}.Ad-Hoc|iPhoneSimulator.Build.0 = Ad-Hoc|iPhoneSimulator
		{96E0DC03-AE91-4BDB-9595-69F933BF465A}.Ad-Hoc|iPhoneSimulator.Deploy.0 = Ad-Hoc|iPhoneSimulator
		{96E0DC03-AE91-4BDB-9595-69F933BF465A}.AppStore|Any CPU.ActiveCfg = AppStore|iPhone
		{96E0DC03-AE91-4BDB-9595-69F933BF465A}.AppStore|Any CPU.Build.0 = AppStore|iPhone
		{96E0DC03-AE91-4BDB-9595-69F933BF465A}.AppStore|Any CPU.Deploy.0 = AppStore|iPhone
		{96E0DC03-AE91-4BDB-9595-69F933BF465A}.AppStore|iPhone.ActiveCfg = AppStore|iPhone
		{96E0DC03-AE91-4BDB-9595-69F933BF465A}.AppStore|iPhone.Build.0 = AppStore|iPhone
		{96E0DC03-AE91-4BDB-9595-69F933BF465A}.AppStore|iPhone.Deploy.0 = AppStore|iPhone
		{96E0DC03-AE91-4BDB-9595-69F933BF465A}.AppStore|iPhoneSimulator.ActiveCfg = AppStore|iPhoneSimulator
		{96E0DC03-AE91-4BDB-9595-69F933BF465A}.AppStore|iPhoneSimulator.Build.0 = AppStore|iPhoneSimulator
		{96E0DC03-AE91-4BDB-9595-69F933BF465A}.AppStore|iPhoneSimulator.Deploy.0 = AppStore|iPhoneSimulator
		{96E0DC03-AE91-4BDB-9595-69F933BF465A}.Debug|Any CPU.ActiveCfg = Debug|iPhoneSimulator
		{96E0DC03-AE91-4BDB-9595-69F933BF465A}.Debug|Any CPU.Build.0 = Debug|iPhoneSimulator
		{96E0DC03-AE91-4BDB-9595-69F933BF465A}.Debug|Any CPU.Deploy.0 = Debug|iPhoneSimulator
		{96E0DC03-AE91-4BDB-9595-69F933BF465A}.Debug|iPhone.ActiveCfg = Debug|iPhone
		{96E0DC03-AE91-4BDB-9595-69F933BF465A}.Debug|iPhone.Build.0 = Debug|iPhone
		{96E0DC03-AE91-4BDB-9595-69F933BF465A}.Debug|iPhone.Deploy.0 = Debug|iPhone
		{96E0DC03-AE91-4BDB-9595-69F933BF465A}.Debug|iPhoneSimulator.ActiveCfg = Debug|iPhoneSimulator
		{96E0DC03-AE91-4BDB-9595-69F933BF465A}.Debug|iPhoneSimulator.Build.0 = Debug|iPhoneSimulator
		{96E0DC03-AE91-4BDB-9595-69F933BF465A}.Debug|iPhoneSimulator.Deploy.0 = Debug|iPhoneSimulator
		{96E0DC03-AE91-4BDB-9595-69F933BF465A}.Release|Any CPU.ActiveCfg = Release|iPhone
		{96E0DC03-AE91-4BDB-9595-69F933BF465A}.Release|Any CPU.Build.0 = Release|iPhone
		{96E0DC03-AE91-4BDB-9595-69F933BF465A}.Release|Any CPU.Deploy.0 = Release|iPhone
		{96E0DC03-AE91-4BDB-9595-69F933BF465A}.Release|iPhone.ActiveCfg = Release|iPhone
		{96E0DC03-AE91-4BDB-9595-69F933BF465A}.Release|iPhone.Build.0 = Release|iPhone
		{96E0DC03-AE91-4BDB-9595-69F933BF465A}.Release|iPhone.Deploy.0 = Release|iPhone
		{96E0DC03-AE91-4BDB-9595-69F933BF465A}.Release|iPhoneSimulator.ActiveCfg = Release|iPhoneSimulator
		{96E0DC03-AE91-4BDB-9595-69F933BF465A}.Release|iPhoneSimulator.Build.0 = Release|iPhoneSimulator
		{96E0DC03-AE91-4BDB-9595-69F933BF465A}.Release|iPhoneSimulator.Deploy.0 = Release|iPhoneSimulator
		{A4A4B07A-B27F-4416-A772-50149605EB4D}.Ad-Hoc|Any CPU.ActiveCfg = Debug|Any CPU
		{A4A4B07A-B27F-4416-A772-50149605EB4D}.Ad-Hoc|Any CPU.Build.0 = Debug|Any CPU
		{A4A4B07A-B27F-4416-A772-50149605EB4D}.Ad-Hoc|Any CPU.Deploy.0 = Debug|Any CPU
		{A4A4B07A-B27F-4416-A772-50149605EB4D}.Ad-Hoc|iPhone.ActiveCfg = Debug|Any CPU
		{A4A4B07A-B27F-4416-A772-50149605EB4D}.Ad-Hoc|iPhone.Build.0 = Debug|Any CPU
		{A4A4B07A-B27F-4416-A772-50149605EB4D}.Ad-Hoc|iPhone.Deploy.0 = Debug|Any CPU
		{A4A4B07A-B27F-4416-A772-50149605EB4D}.Ad-Hoc|iPhoneSimulator.ActiveCfg = Debug|Any CPU
		{A4A4B07A-B27F-4416-A772-50149605EB4D}.Ad-Hoc|iPhoneSimulator.Build.0 = Debug|Any CPU
		{A4A4B07A-B27F-4416-A772-50149605EB4D}.Ad-Hoc|iPhoneSimulator.Deploy.0 = Debug|Any CPU
		{A4A4B07A-B27F-4416-A772-50149605EB4D}.AppStore|Any CPU.ActiveCfg = Debug|Any CPU
		{A4A4B07A-B27F-4416-A772-50149605EB4D}.AppStore|Any CPU.Build.0 = Debug|Any CPU
		{A4A4B07A-B27F-4416-A772-50149605EB4D}.AppStore|Any CPU.Deploy.0 = Debug|Any CPU
		{A4A4B07A-B27F-4416-A772-50149605EB4D}.AppStore|iPhone.ActiveCfg = Debug|Any CPU
		{A4A4B07A-B27F-4416-A772-50149605EB4D}.AppStore|iPhone.Build.0 = Debug|Any CPU
		{A4A4B07A-B27F-4416-A772-50149605EB4D}.AppStore|iPhone.Deploy.0 = Debug|Any CPU
		{A4A4B07A-B27F-4416-A772-50149605EB4D}.AppStore|iPhoneSimulator.ActiveCfg = Debug|Any CPU
		{A4A4B07A-B27F-4416-A772-50149605EB4D}.AppStore|iPhoneSimulator.Build.0 = Debug|Any CPU
		{A4A4B07A-B27F-4416-A772-50149605EB4D}.AppStore|iPhoneSimulator.Deploy.0 = Debug|Any CPU
		{A4A4B07A-B27F-4416-A772-50149605EB4D}.Debug|Any CPU.ActiveCfg = Debug|Any CPU
		{A4A4B07A-B27F-4416-A772-50149605EB4D}.Debug|Any CPU.Build.0 = Debug|Any CPU
		{A4A4B07A-B27F-4416-A772-50149605EB4D}.Debug|Any CPU.Deploy.0 = Debug|Any CPU
		{A4A4B07A-B27F-4416-A772-50149605EB4D}.Debug|iPhone.ActiveCfg = Debug|Any CPU
		{A4A4B07A-B27F-4416-A772-50149605EB4D}.Debug|iPhone.Build.0 = Debug|Any CPU
		{A4A4B07A-B27F-4416-A772-50149605EB4D}.Debug|iPhone.Deploy.0 = Debug|Any CPU
		{A4A4B07A-B27F-4416-A772-50149605EB4D}.Debug|iPhoneSimulator.ActiveCfg = Debug|Any CPU
		{A4A4B07A-B27F-4416-A772-50149605EB4D}.Debug|iPhoneSimulator.Build.0 = Debug|Any CPU
		{A4A4B07A-B27F-4416-A772-50149605EB4D}.Debug|iPhoneSimulator.Deploy.0 = Debug|Any CPU
		{A4A4B07A-B27F-4416-A772-50149605EB4D}.Release|Any CPU.ActiveCfg = Release|Any CPU
		{A4A4B07A-B27F-4416-A772-50149605EB4D}.Release|Any CPU.Build.0 = Release|Any CPU
		{A4A4B07A-B27F-4416-A772-50149605EB4D}.Release|Any CPU.Deploy.0 = Release|Any CPU
		{A4A4B07A-B27F-4416-A772-50149605EB4D}.Release|iPhone.ActiveCfg = Release|Any CPU
		{A4A4B07A-B27F-4416-A772-50149605EB4D}.Release|iPhone.Build.0 = Release|Any CPU
		{A4A4B07A-B27F-4416-A772-50149605EB4D}.Release|iPhone.Deploy.0 = Release|Any CPU
		{A4A4B07A-B27F-4416-A772-50149605EB4D}.Release|iPhoneSimulator.ActiveCfg = Release|Any CPU
		{A4A4B07A-B27F-4416-A772-50149605EB4D}.Release|iPhoneSimulator.Build.0 = Release|Any CPU
		{A4A4B07A-B27F-4416-A772-50149605EB4D}.Release|iPhoneSimulator.Deploy.0 = Release|Any CPU
	EndGlobalSection
	GlobalSection(SolutionProperties) = preSolution
		HideSolutionNode = FALSE
	EndGlobalSection
	GlobalSection(ExtensibilityGlobals) = postSolution
		SolutionGuid = {E30EF16E-8ADA-4E2A-83C8-FBC0E690647E}
	EndGlobalSection
EndGlobal
